
Microsoft Visual Studio Solution File, Format Version 12.00
# Visual Studio 15
Project("{FAE04EC0-301F-11D3-BF4B-00C04F79EFBC}") = "Unity.XR.Interaction.Toolkit.Samples.StarterAssets", "Unity.XR.Interaction.Toolkit.Samples.StarterAssets.csproj", "{FE3DA5AE-BD38-6AA0-C581-BC15B309E4C0}"
EndProject
Project("{FAE04EC0-301F-11D3-BF4B-00C04F79EFBC}") = "Assembly-CSharp", "Assembly-CSharp.csproj", "{6AC3AF28-E581-83B3-7EC3-C2785CADBD2B}"
EndProject
Project("{FAE04EC0-301F-11D3-BF4B-00C04F79EFBC}") = "Unity.XR.Interaction.Toolkit.Samples.StarterAssets.Editor", "Unity.XR.Interaction.Toolkit.Samples.StarterAssets.Editor.csproj", "{B0A5D176-B329-CC5F-7B12-0943AB7CF901}"
EndProject
Global
	GlobalSection(SolutionConfigurationPlatforms) = preSolution
		Debug|Any CPU = Debug|Any CPU
		Release|Any CPU = Release|Any CPU
	EndGlobalSection
	GlobalSection(ProjectConfigurationPlatforms) = postSolution
		{FE3DA5AE-BD38-6AA0-C581-BC15B309E4C0}.Debug|Any CPU.ActiveCfg = Debug|Any CPU
		{FE3DA5AE-BD38-6AA0-C581-BC15B309E4C0}.Debug|Any CPU.Build.0 = Debug|Any CPU
		{FE3DA5AE-BD38-6AA0-C581-BC15B309E4C0}.Release|Any CPU.ActiveCfg = Release|Any CPU
		{FE3DA5AE-BD38-6AA0-C581-BC15B309E4C0}.Release|Any CPU.Build.0 = Release|Any CPU
		{6AC3AF28-E581-83B3-7EC3-C2785CADBD2B}.Debug|Any CPU.ActiveCfg = Debug|Any CPU
		{6AC3AF28-E581-83B3-7EC3-C2785CADBD2B}.Debug|Any CPU.Build.0 = Debug|Any CPU
		{6AC3AF28-E581-83B3-7EC3-C2785CADBD2B}.Release|Any CPU.ActiveCfg = Release|Any CPU
		{6AC3AF28-E581-83B3-7EC3-C2785CADBD2B}.Release|Any CPU.Build.0 = Release|Any CPU
		{B0A5D176-B329-CC5F-7B12-0943AB7CF901}.Debug|Any CPU.ActiveCfg = Debug|Any CPU
		{B0A5D176-B329-CC5F-7B12-0943AB7CF901}.Debug|Any CPU.Build.0 = Debug|Any CPU
		{B0A5D176-B329-CC5F-7B12-0943AB7CF901}.Release|Any CPU.ActiveCfg = Release|Any CPU
		{B0A5D176-B329-CC5F-7B12-0943AB7CF901}.Release|Any CPU.Build.0 = Release|Any CPU
	EndGlobalSection
	GlobalSection(SolutionProperties) = preSolution
		HideSolutionNode = FALSE
	EndGlobalSection
EndGlobal
